
Microsoft Visual Studio Solution File, Format Version 12.00
# Visual Studio Version 17
VisualStudioVersion = 17.0.31903.59
MinimumVisualStudioVersion = 10.0.40219.1
Project("{2150E333-8FDC-42A3-9474-1A3956D46DE8}") = "src", "src", "{827E0CD3-B72D-47B6-A68D-7590B98EB39B}"
EndProject
Project("{FAE04EC0-301F-11D3-BF4B-00C04F79EFBC}") = "MyRPA.Core", "src\MyRPA.Core\MyRPA.Core.csproj", "{FA8225FD-3554-4068-AB11-4EDBCC481CA9}"
EndProject
Project("{FAE04EC0-301F-11D3-BF4B-00C04F79EFBC}") = "MyRPA.Workflow", "src\MyRPA.Workflow\MyRPA.Workflow.csproj", "{56645B69-9D49-47A7-8D4C-CB6383F39627}"
EndProject
Project("{FAE04EC0-301F-11D3-BF4B-00C04F79EFBC}") = "MyRPA.Activities", "src\MyRPA.Activities\MyRPA.Activities.csproj", "{C906FADB-BF5E-4C05-B5C8-4D557F00A526}"
EndProject
Project("{FAE04EC0-301F-11D3-BF4B-00C04F79EFBC}") = "MyRPA.Runtime", "src\MyRPA.Runtime\MyRPA.Runtime.csproj", "{F4304E9E-9CF4-453E-8C76-8DA3C6592FEC}"
EndProject
Project("{FAE04EC0-301F-11D3-BF4B-00C04F79EFBC}") = "MyRPA.Storage", "src\MyRPA.Storage\MyRPA.Storage.csproj", "{A8AF94C8-2E6E-4F83-B5B5-7EFB060B1E9D}"
EndProject
Project("{FAE04EC0-301F-11D3-BF4B-00C04F79EFBC}") = "MyRPA.Cli", "src\MyRPA.Cli\MyRPA.Cli.csproj", "{27C81F6D-AE20-4491-B502-73039AEBF72D}"
EndProject
Project("{2150E333-8FDC-42A3-9474-1A3956D46DE8}") = "tests", "tests", "{0AB3BF05-4346-4AA6-1389-037BE0695223}"
EndProject
Project("{FAE04EC0-301F-11D3-BF4B-00C04F79EFBC}") = "MyRPA.Core.Tests", "tests\MyRPA.Core.Tests\MyRPA.Core.Tests.csproj", "{7EAA2AAE-EE1D-4894-8592-C70762594484}"
EndProject
Project("{FAE04EC0-301F-11D3-BF4B-00C04F79EFBC}") = "MyRPA.Workflow.Tests", "tests\MyRPA.Workflow.Tests\MyRPA.Workflow.Tests.csproj", "{E4D61E0E-BDCE-494F-ABDE-42D660F59634}"
EndProject
Project("{FAE04EC0-301F-11D3-BF4B-00C04F79EFBC}") = "MyRPA.Runtime.Tests", "tests\MyRPA.Runtime.Tests\MyRPA.Runtime.Tests.csproj", "{B6C7FDDC-8411-4323-9B8A-CF966466D300}"
EndProject
Project("{FAE04EC0-301F-11D3-BF4B-00C04F79EFBC}") = "MyRPA.Activities.Tests", "tests\MyRPA.Activities.Tests\MyRPA.Activities.Tests.csproj", "{4D1A840E-C461-48F2-B413-A9FF8042C432}"
EndProject
Project("{FAE04EC0-301F-11D3-BF4B-00C04F79EFBC}") = "MyRPA.Integration.Tests", "tests\MyRPA.Integration.Tests\MyRPA.Integration.Tests.csproj", "{7389E54C-56C6-46C8-98CC-D773F0D78552}"
EndProject
Project("{FAE04EC0-301F-11D3-BF4B-00C04F79EFBC}") = "MyRPA.Architecture.Tests", "tests\MyRPA.Architecture.Tests\MyRPA.Architecture.Tests.csproj", "{627DBD68-D5AE-469A-9E1E-A2CC65E1EAA8}"
EndProject
Project("{FAE04EC0-301F-11D3-BF4B-00C04F79EFBC}") = "MyRPA.Storage.Tests", "tests\MyRPA.Storage.Tests\MyRPA.Storage.Tests.csproj", "{F482AFD6-B5D1-4DD6-A6F0-704D4BDFFF36}"
EndProject
Project("{FAE04EC0-301F-11D3-BF4B-00C04F79EFBC}") = "MyRPA.Sdk", "src\MyRPA.Sdk\MyRPA.Sdk.csproj", "{1D30D2FE-7B2F-405B-86CE-7108F1B26497}"
EndProject
Project("{FAE04EC0-301F-11D3-BF4B-00C04F79EFBC}") = "MyRPA.Plugins", "src\MyRPA.Plugins\MyRPA.Plugins.csproj", "{1848D401-6941-4009-AE45-FEB7D242B57B}"
EndProject
Project("{2150E333-8FDC-42A3-9474-1A3956D46DE8}") = "samples", "samples", "{5D20AA90-6969-D8BD-9DCD-8634F4692FDA}"
EndProject
Project("{FAE04EC0-301F-11D3-BF4B-00C04F79EFBC}") = "MyRPA.Samples.DemoPlugin", "samples\plugins\MyRPA.Samples.DemoPlugin\MyRPA.Samples.DemoPlugin.csproj", "{D1AB0F04-9924-4351-9B4A-9200440D59E4}"
EndProject
Project("{2150E333-8FDC-42A3-9474-1A3956D46DE8}") = "fixtures", "fixtures", "{F12727AA-ABEF-07AF-E6F0-CD96E3D9A8AF}"
EndProject
Project("{FAE04EC0-301F-11D3-BF4B-00C04F79EFBC}") = "MyRPA.Tests.FixtureDependency", "tests\fixtures\MyRPA.Tests.FixtureDependency\MyRPA.Tests.FixtureDependency.csproj", "{22D96AC1-F682-4476-9430-29358A0E2090}"
EndProject
Project("{FAE04EC0-301F-11D3-BF4B-00C04F79EFBC}") = "MyRPA.Tests.FixturePlugin", "tests\fixtures\MyRPA.Tests.FixturePlugin\MyRPA.Tests.FixturePlugin.csproj", "{7598F52C-DBF3-4BAA-B145-BCE18E040335}"
EndProject
Project("{FAE04EC0-301F-11D3-BF4B-00C04F79EFBC}") = "MyRPA.Plugins.Tests", "tests\MyRPA.Plugins.Tests\MyRPA.Plugins.Tests.csproj", "{AD540624-5CE9-43B7-97D4-4403361774D5}"
EndProject
Project("{FAE04EC0-301F-11D3-BF4B-00C04F79EFBC}") = "MyRPA.Sdk.Tests", "tests\MyRPA.Sdk.Tests\MyRPA.Sdk.Tests.csproj", "{B8F1ACA4-674D-469C-96E4-2EE6FA82E493}"
EndProject
Project("{2150E333-8FDC-42A3-9474-1A3956D46DE8}") = "plugins", "plugins", "{07D57EEB-2F50-60C4-C011-FE4FA775C9A8}"
EndProject
Project("{FAE04EC0-301F-11D3-BF4B-00C04F79EFBC}") = "MyRPA.Browser.Playwright", "plugins\MyRPA.Browser.Playwright\MyRPA.Browser.Playwright.csproj", "{C3A1EEB0-7B01-4A82-A6A4-BE11D57CFC3B}"
EndProject
Project("{FAE04EC0-301F-11D3-BF4B-00C04F79EFBC}") = "MyRPA.Browser.Playwright.Tests", "tests\MyRPA.Browser.Playwright.Tests\MyRPA.Browser.Playwright.Tests.csproj", "{C65307CA-865E-4E1D-AEC0-87043F7F5D9A}"
EndProject
Project("{FAE04EC0-301F-11D3-BF4B-00C04F79EFBC}") = "MyRPA.Studio.Core", "src\MyRPA.Studio.Core\MyRPA.Studio.Core.csproj", "{B3891BDD-EE2D-4EE5-9953-3CFA9A698519}"
EndProject
Project("{FAE04EC0-301F-11D3-BF4B-00C04F79EFBC}") = "MyRPA.Studio.Core.Tests", "tests\MyRPA.Studio.Core.Tests\MyRPA.Studio.Core.Tests.csproj", "{B2466F36-4F87-4F61-895E-477D4B708DC1}"
EndProject
Project("{FAE04EC0-301F-11D3-BF4B-00C04F79EFBC}") = "MyRPA.Studio", "src\MyRPA.Studio\MyRPA.Studio.csproj", "{E654E72A-DC6A-4421-8644-9E9C3802CAC7}"
EndProject
Project("{FAE04EC0-301F-11D3-BF4B-00C04F79EFBC}") = "MyRPA.Studio.Tests", "tests\MyRPA.Studio.Tests\MyRPA.Studio.Tests.csproj", "{BA545025-45BD-4BE2-85D7-92D8069017C8}"
EndProject
Project("{FAE04EC0-301F-11D3-BF4B-00C04F79EFBC}") = "MyRPA.Contracts", "src\MyRPA.Contracts\MyRPA.Contracts.csproj", "{9272AE9F-D8CD-4DE5-85A2-213A15733FAA}"
EndProject
Project("{FAE04EC0-301F-11D3-BF4B-00C04F79EFBC}") = "MyRPA.Execution.Hosting", "src\MyRPA.Execution.Hosting\MyRPA.Execution.Hosting.csproj", "{CAF0B360-24CF-4116-AC33-B416C3002973}"
EndProject
Project("{FAE04EC0-301F-11D3-BF4B-00C04F79EFBC}") = "MyRPA.Execution.Hosting.Tests", "tests\MyRPA.Execution.Hosting.Tests\MyRPA.Execution.Hosting.Tests.csproj", "{AA94B2E9-1170-41C0-84B0-511F76486C70}"
EndProject
Global
	GlobalSection(SolutionConfigurationPlatforms) = preSolution
		Debug|Any CPU = Debug|Any CPU
		Debug|x64 = Debug|x64
		Debug|x86 = Debug|x86
		Release|Any CPU = Release|Any CPU
		Release|x64 = Release|x64
		Release|x86 = Release|x86
	EndGlobalSection
	GlobalSection(ProjectConfigurationPlatforms) = postSolution
		{FA8225FD-3554-4068-AB11-4EDBCC481CA9}.Debug|Any CPU.ActiveCfg = Debug|Any CPU
		{FA8225FD-3554-4068-AB11-4EDBCC481CA9}.Debug|Any CPU.Build.0 = Debug|Any CPU
		{FA8225FD-3554-4068-AB11-4EDBCC481CA9}.Debug|x64.ActiveCfg = Debug|Any CPU
		{FA8225FD-3554-4068-AB11-4EDBCC481CA9}.Debug|x64.Build.0 = Debug|Any CPU
		{FA8225FD-3554-4068-AB11-4EDBCC481CA9}.Debug|x86.ActiveCfg = Debug|Any CPU
		{FA8225FD-3554-4068-AB11-4EDBCC481CA9}.Debug|x86.Build.0 = Debug|Any CPU
		{FA8225FD-3554-4068-AB11-4EDBCC481CA9}.Release|Any CPU.ActiveCfg = Release|Any CPU
		{FA8225FD-3554-4068-AB11-4EDBCC481CA9}.Release|Any CPU.Build.0 = Release|Any CPU
		{FA8225FD-3554-4068-AB11-4EDBCC481CA9}.Release|x64.ActiveCfg = Release|Any CPU
		{FA8225FD-3554-4068-AB11-4EDBCC481CA9}.Release|x64.Build.0 = Release|Any CPU
		{FA8225FD-3554-4068-AB11-4EDBCC481CA9}.Release|x86.ActiveCfg = Release|Any CPU
		{FA8225FD-3554-4068-AB11-4EDBCC481CA9}.Release|x86.Build.0 = Release|Any CPU
		{56645B69-9D49-47A7-8D4C-CB6383F39627}.Debug|Any CPU.ActiveCfg = Debug|Any CPU
		{56645B69-9D49-47A7-8D4C-CB6383F39627}.Debug|Any CPU.Build.0 = Debug|Any CPU
		{56645B69-9D49-47A7-8D4C-CB6383F39627}.Debug|x64.ActiveCfg = Debug|Any CPU
		{56645B69-9D49-47A7-8D4C-CB6383F39627}.Debug|x64.Build.0 = Debug|Any CPU
		{56645B69-9D49-47A7-8D4C-CB6383F39627}.Debug|x86.ActiveCfg = Debug|Any CPU
		{56645B69-9D49-47A7-8D4C-CB6383F39627}.Debug|x86.Build.0 = Debug|Any CPU
		{56645B69-9D49-47A7-8D4C-CB6383F39627}.Release|Any CPU.ActiveCfg = Release|Any CPU
		{56645B69-9D49-47A7-8D4C-CB6383F39627}.Release|Any CPU.Build.0 = Release|Any CPU
		{56645B69-9D49-47A7-8D4C-CB6383F39627}.Release|x64.ActiveCfg = Release|Any CPU
		{56645B69-9D49-47A7-8D4C-CB6383F39627}.Release|x64.Build.0 = Release|Any CPU
		{56645B69-9D49-47A7-8D4C-CB6383F39627}.Release|x86.ActiveCfg = Release|Any CPU
		{56645B69-9D49-47A7-8D4C-CB6383F39627}.Release|x86.Build.0 = Release|Any CPU
		{C906FADB-BF5E-4C05-B5C8-4D557F00A526}.Debug|Any CPU.ActiveCfg = Debug|Any CPU
		{C906FADB-BF5E-4C05-B5C8-4D557F00A526}.Debug|Any CPU.Build.0 = Debug|Any CPU
		{C906FADB-BF5E-4C05-B5C8-4D557F00A526}.Debug|x64.ActiveCfg = Debug|Any CPU
		{C906FADB-BF5E-4C05-B5C8-4D557F00A526}.Debug|x64.Build.0 = Debug|Any CPU
		{C906FADB-BF5E-4C05-B5C8-4D557F00A526}.Debug|x86.ActiveCfg = Debug|Any CPU
		{C906FADB-BF5E-4C05-B5C8-4D557F00A526}.Debug|x86.Build.0 = Debug|Any CPU
		{C906FADB-BF5E-4C05-B5C8-4D557F00A526}.Release|Any CPU.ActiveCfg = Release|Any CPU
		{C906FADB-BF5E-4C05-B5C8-4D557F00A526}.Release|Any CPU.Build.0 = Release|Any CPU
		{C906FADB-BF5E-4C05-B5C8-4D557F00A526}.Release|x64.ActiveCfg = Release|Any CPU
		{C906FADB-BF5E-4C05-B5C8-4D557F00A526}.Release|x64.Build.0 = Release|Any CPU
		{C906FADB-BF5E-4C05-B5C8-4D557F00A526}.Release|x86.ActiveCfg = Release|Any CPU
		{C906FADB-BF5E-4C05-B5C8-4D557F00A526}.Release|x86.Build.0 = Release|Any CPU
		{F4304E9E-9CF4-453E-8C76-8DA3C6592FEC}.Debug|Any CPU.ActiveCfg = Debug|Any CPU
		{F4304E9E-9CF4-453E-8C76-8DA3C6592FEC}.Debug|Any CPU.Build.0 = Debug|Any CPU
		{F4304E9E-9CF4-453E-8C76-8DA3C6592FEC}.Debug|x64.ActiveCfg = Debug|Any CPU
		{F4304E9E-9CF4-453E-8C76-8DA3C6592FEC}.Debug|x64.Build.0 = Debug|Any CPU
		{F4304E9E-9CF4-453E-8C76-8DA3C6592FEC}.Debug|x86.ActiveCfg = Debug|Any CPU
		{F4304E9E-9CF4-453E-8C76-8DA3C6592FEC}.Debug|x86.Build.0 = Debug|Any CPU
		{F4304E9E-9CF4-453E-8C76-8DA3C6592FEC}.Release|Any CPU.ActiveCfg = Release|Any CPU
		{F4304E9E-9CF4-453E-8C76-8DA3C6592FEC}.Release|Any CPU.Build.0 = Release|Any CPU
		{F4304E9E-9CF4-453E-8C76-8DA3C6592FEC}.Release|x64.ActiveCfg = Release|Any CPU
		{F4304E9E-9CF4-453E-8C76-8DA3C6592FEC}.Release|x64.Build.0 = Release|Any CPU
		{F4304E9E-9CF4-453E-8C76-8DA3C6592FEC}.Release|x86.ActiveCfg = Release|Any CPU
		{F4304E9E-9CF4-453E-8C76-8DA3C6592FEC}.Release|x86.Build.0 = Release|Any CPU
		{A8AF94C8-2E6E-4F83-B5B5-7EFB060B1E9D}.Debug|Any CPU.ActiveCfg = Debug|Any CPU
		{A8AF94C8-2E6E-4F83-B5B5-7EFB060B1E9D}.Debug|Any CPU.Build.0 = Debug|Any CPU
		{A8AF94C8-2E6E-4F83-B5B5-7EFB060B1E9D}.Debug|x64.ActiveCfg = Debug|Any CPU
		{A8AF94C8-2E6E-4F83-B5B5-7EFB060B1E9D}.Debug|x64.Build.0 = Debug|Any CPU
		{A8AF94C8-2E6E-4F83-B5B5-7EFB060B1E9D}.Debug|x86.ActiveCfg = Debug|Any CPU
		{A8AF94C8-2E6E-4F83-B5B5-7EFB060B1E9D}.Debug|x86.Build.0 = Debug|Any CPU
		{A8AF94C8-2E6E-4F83-B5B5-7EFB060B1E9D}.Release|Any CPU.ActiveCfg = Release|Any CPU
		{A8AF94C8-2E6E-4F83-B5B5-7EFB060B1E9D}.Release|Any CPU.Build.0 = Release|Any CPU
		{A8AF94C8-2E6E-4F83-B5B5-7EFB060B1E9D}.Release|x64.ActiveCfg = Release|Any CPU
		{A8AF94C8-2E6E-4F83-B5B5-7EFB060B1E9D}.Release|x64.Build.0 = Release|Any CPU
		{A8AF94C8-2E6E-4F83-B5B5-7EFB060B1E9D}.Release|x86.ActiveCfg = Release|Any CPU
		{A8AF94C8-2E6E-4F83-B5B5-7EFB060B1E9D}.Release|x86.Build.0 = Release|Any CPU
		{27C81F6D-AE20-4491-B502-73039AEBF72D}.Debug|Any CPU.ActiveCfg = Debug|Any CPU
		{27C81F6D-AE20-4491-B502-73039AEBF72D}.Debug|Any CPU.Build.0 = Debug|Any CPU
		{27C81F6D-AE20-4491-B502-73039AEBF72D}.Debug|x64.ActiveCfg = Debug|Any CPU
		{27C81F6D-AE20-4491-B502-73039AEBF72D}.Debug|x64.Build.0 = Debug|Any CPU
		{27C81F6D-AE20-4491-B502-73039AEBF72D}.Debug|x86.ActiveCfg = Debug|Any CPU
		{27C81F6D-AE20-4491-B502-73039AEBF72D}.Debug|x86.Build.0 = Debug|Any CPU
		{27C81F6D-AE20-4491-B502-73039AEBF72D}.Release|Any CPU.ActiveCfg = Release|Any CPU
		{27C81F6D-AE20-4491-B502-73039AEBF72D}.Release|Any CPU.Build.0 = Release|Any CPU
		{27C81F6D-AE20-4491-B502-73039AEBF72D}.Release|x64.ActiveCfg = Release|Any CPU
		{27C81F6D-AE20-4491-B502-73039AEBF72D}.Release|x64.Build.0 = Release|Any CPU
		{27C81F6D-AE20-4491-B502-73039AEBF72D}.Release|x86.ActiveCfg = Release|Any CPU
		{27C81F6D-AE20-4491-B502-73039AEBF72D}.Release|x86.Build.0 = Release|Any CPU
		{7EAA2AAE-EE1D-4894-8592-C70762594484}.Debug|Any CPU.ActiveCfg = Debug|Any CPU
		{7EAA2AAE-EE1D-4894-8592-C70762594484}.Debug|Any CPU.Build.0 = Debug|Any CPU
		{7EAA2AAE-EE1D-4894-8592-C70762594484}.Debug|x64.ActiveCfg = Debug|Any CPU
		{7EAA2AAE-EE1D-4894-8592-C70762594484}.Debug|x64.Build.0 = Debug|Any CPU
		{7EAA2AAE-EE1D-4894-8592-C70762594484}.Debug|x86.ActiveCfg = Debug|Any CPU
		{7EAA2AAE-EE1D-4894-8592-C70762594484}.Debug|x86.Build.0 = Debug|Any CPU
		{7EAA2AAE-EE1D-4894-8592-C70762594484}.Release|Any CPU.ActiveCfg = Release|Any CPU
		{7EAA2AAE-EE1D-4894-8592-C70762594484}.Release|Any CPU.Build.0 = Release|Any CPU
		{7EAA2AAE-EE1D-4894-8592-C70762594484}.Release|x64.ActiveCfg = Release|Any CPU
		{7EAA2AAE-EE1D-4894-8592-C70762594484}.Release|x64.Build.0 = Release|Any CPU
		{7EAA2AAE-EE1D-4894-8592-C70762594484}.Release|x86.ActiveCfg = Release|Any CPU
		{7EAA2AAE-EE1D-4894-8592-C70762594484}.Release|x86.Build.0 = Release|Any CPU
		{E4D61E0E-BDCE-494F-ABDE-42D660F59634}.Debug|Any CPU.ActiveCfg = Debug|Any CPU
		{E4D61E0E-BDCE-494F-ABDE-42D660F59634}.Debug|Any CPU.Build.0 = Debug|Any CPU
		{E4D61E0E-BDCE-494F-ABDE-42D660F59634}.Debug|x64.ActiveCfg = Debug|Any CPU
		{E4D61E0E-BDCE-494F-ABDE-42D660F59634}.Debug|x64.Build.0 = Debug|Any CPU
		{E4D61E0E-BDCE-494F-ABDE-42D660F59634}.Debug|x86.ActiveCfg = Debug|Any CPU
		{E4D61E0E-BDCE-494F-ABDE-42D660F59634}.Debug|x86.Build.0 = Debug|Any CPU
		{E4D61E0E-BDCE-494F-ABDE-42D660F59634}.Release|Any CPU.ActiveCfg = Release|Any CPU
		{E4D61E0E-BDCE-494F-ABDE-42D660F59634}.Release|Any CPU.Build.0 = Release|Any CPU
		{E4D61E0E-BDCE-494F-ABDE-42D660F59634}.Release|x64.ActiveCfg = Release|Any CPU
		{E4D61E0E-BDCE-494F-ABDE-42D660F59634}.Release|x64.Build.0 = Release|Any CPU
		{E4D61E0E-BDCE-494F-ABDE-42D660F59634}.Release|x86.ActiveCfg = Release|Any CPU
		{E4D61E0E-BDCE-494F-ABDE-42D660F59634}.Release|x86.Build.0 = Release|Any CPU
		{B6C7FDDC-8411-4323-9B8A-CF966466D300}.Debug|Any CPU.ActiveCfg = Debug|Any CPU
		{B6C7FDDC-8411-4323-9B8A-CF966466D300}.Debug|Any CPU.Build.0 = Debug|Any CPU
		{B6C7FDDC-8411-4323-9B8A-CF966466D300}.Debug|x64.ActiveCfg = Debug|Any CPU
		{B6C7FDDC-8411-4323-9B8A-CF966466D300}.Debug|x64.Build.0 = Debug|Any CPU
		{B6C7FDDC-8411-4323-9B8A-CF966466D300}.Debug|x86.ActiveCfg = Debug|Any CPU
		{B6C7FDDC-8411-4323-9B8A-CF966466D300}.Debug|x86.Build.0 = Debug|Any CPU
		{B6C7FDDC-8411-4323-9B8A-CF966466D300}.Release|Any CPU.ActiveCfg = Release|Any CPU
		{B6C7FDDC-8411-4323-9B8A-CF966466D300}.Release|Any CPU.Build.0 = Release|Any CPU
		{B6C7FDDC-8411-4323-9B8A-CF966466D300}.Release|x64.ActiveCfg = Release|Any CPU
		{B6C7FDDC-8411-4323-9B8A-CF966466D300}.Release|x64.Build.0 = Release|Any CPU
		{B6C7FDDC-8411-4323-9B8A-CF966466D300}.Release|x86.ActiveCfg = Release|Any CPU
		{B6C7FDDC-8411-4323-9B8A-CF966466D300}.Release|x86.Build.0 = Release|Any CPU
		{4D1A840E-C461-48F2-B413-A9FF8042C432}.Debug|Any CPU.ActiveCfg = Debug|Any CPU
		{4D1A840E-C461-48F2-B413-A9FF8042C432}.Debug|Any CPU.Build.0 = Debug|Any CPU
		{4D1A840E-C461-48F2-B413-A9FF8042C432}.Debug|x64.ActiveCfg = Debug|Any CPU
		{4D1A840E-C461-48F2-B413-A9FF8042C432}.Debug|x64.Build.0 = Debug|Any CPU
		{4D1A840E-C461-48F2-B413-A9FF8042C432}.Debug|x86.ActiveCfg = Debug|Any CPU
		{4D1A840E-C461-48F2-B413-A9FF8042C432}.Debug|x86.Build.0 = Debug|Any CPU
		{4D1A840E-C461-48F2-B413-A9FF8042C432}.Release|Any CPU.ActiveCfg = Release|Any CPU
		{4D1A840E-C461-48F2-B413-A9FF8042C432}.Release|Any CPU.Build.0 = Release|Any CPU
		{4D1A840E-C461-48F2-B413-A9FF8042C432}.Release|x64.ActiveCfg = Release|Any CPU
		{4D1A840E-C461-48F2-B413-A9FF8042C432}.Release|x64.Build.0 = Release|Any CPU
		{4D1A840E-C461-48F2-B413-A9FF8042C432}.Release|x86.ActiveCfg = Release|Any CPU
		{4D1A840E-C461-48F2-B413-A9FF8042C432}.Release|x86.Build.0 = Release|Any CPU
		{7389E54C-56C6-46C8-98CC-D773F0D78552}.Debug|Any CPU.ActiveCfg = Debug|Any CPU
		{7389E54C-56C6-46C8-98CC-D773F0D78552}.Debug|Any CPU.Build.0 = Debug|Any CPU
		{7389E54C-56C6-46C8-98CC-D773F0D78552}.Debug|x64.ActiveCfg = Debug|Any CPU
		{7389E54C-56C6-46C8-98CC-D773F0D78552}.Debug|x64.Build.0 = Debug|Any CPU
		{7389E54C-56C6-46C8-98CC-D773F0D78552}.Debug|x86.ActiveCfg = Debug|Any CPU
		{7389E54C-56C6-46C8-98CC-D773F0D78552}.Debug|x86.Build.0 = Debug|Any CPU
		{7389E54C-56C6-46C8-98CC-D773F0D78552}.Release|Any CPU.ActiveCfg = Release|Any CPU
		{7389E54C-56C6-46C8-98CC-D773F0D78552}.Release|Any CPU.Build.0 = Release|Any CPU
		{7389E54C-56C6-46C8-98CC-D773F0D78552}.Release|x64.ActiveCfg = Release|Any CPU
		{7389E54C-56C6-46C8-98CC-D773F0D78552}.Release|x64.Build.0 = Release|Any CPU
		{7389E54C-56C6-46C8-98CC-D773F0D78552}.Release|x86.ActiveCfg = Release|Any CPU
		{7389E54C-56C6-46C8-98CC-D773F0D78552}.Release|x86.Build.0 = Release|Any CPU
		{627DBD68-D5AE-469A-9E1E-A2CC65E1EAA8}.Debug|Any CPU.ActiveCfg = Debug|Any CPU
		{627DBD68-D5AE-469A-9E1E-A2CC65E1EAA8}.Debug|Any CPU.Build.0 = Debug|Any CPU
		{627DBD68-D5AE-469A-9E1E-A2CC65E1EAA8}.Debug|x64.ActiveCfg = Debug|Any CPU
		{627DBD68-D5AE-469A-9E1E-A2CC65E1EAA8}.Debug|x64.Build.0 = Debug|Any CPU
		{627DBD68-D5AE-469A-9E1E-A2CC65E1EAA8}.Debug|x86.ActiveCfg = Debug|Any CPU
		{627DBD68-D5AE-469A-9E1E-A2CC65E1EAA8}.Debug|x86.Build.0 = Debug|Any CPU
		{627DBD68-D5AE-469A-9E1E-A2CC65E1EAA8}.Release|Any CPU.ActiveCfg = Release|Any CPU
		{627DBD68-D5AE-469A-9E1E-A2CC65E1EAA8}.Release|Any CPU.Build.0 = Release|Any CPU
		{627DBD68-D5AE-469A-9E1E-A2CC65E1EAA8}.Release|x64.ActiveCfg = Release|Any CPU
		{627DBD68-D5AE-469A-9E1E-A2CC65E1EAA8}.Release|x64.Build.0 = Release|Any CPU
		{627DBD68-D5AE-469A-9E1E-A2CC65E1EAA8}.Release|x86.ActiveCfg = Release|Any CPU
		{627DBD68-D5AE-469A-9E1E-A2CC65E1EAA8}.Release|x86.Build.0 = Release|Any CPU
		{F482AFD6-B5D1-4DD6-A6F0-704D4BDFFF36}.Debug|Any CPU.ActiveCfg = Debug|Any CPU
		{F482AFD6-B5D1-4DD6-A6F0-704D4BDFFF36}.Debug|Any CPU.Build.0 = Debug|Any CPU
		{F482AFD6-B5D1-4DD6-A6F0-704D4BDFFF36}.Debug|x64.ActiveCfg = Debug|Any CPU
		{F482AFD6-B5D1-4DD6-A6F0-704D4BDFFF36}.Debug|x64.Build.0 = Debug|Any CPU
		{F482AFD6-B5D1-4DD6-A6F0-704D4BDFFF36}.Debug|x86.ActiveCfg = Debug|Any CPU
		{F482AFD6-B5D1-4DD6-A6F0-704D4BDFFF36}.Debug|x86.Build.0 = Debug|Any CPU
		{F482AFD6-B5D1-4DD6-A6F0-704D4BDFFF36}.Release|Any CPU.ActiveCfg = Release|Any CPU
		{F482AFD6-B5D1-4DD6-A6F0-704D4BDFFF36}.Release|Any CPU.Build.0 = Release|Any CPU
		{F482AFD6-B5D1-4DD6-A6F0-704D4BDFFF36}.Release|x64.ActiveCfg = Release|Any CPU
		{F482AFD6-B5D1-4DD6-A6F0-704D4BDFFF36}.Release|x64.Build.0 = Release|Any CPU
		{F482AFD6-B5D1-4DD6-A6F0-704D4BDFFF36}.Release|x86.ActiveCfg = Release|Any CPU
		{F482AFD6-B5D1-4DD6-A6F0-704D4BDFFF36}.Release|x86.Build.0 = Release|Any CPU
		{1D30D2FE-7B2F-405B-86CE-7108F1B26497}.Debug|Any CPU.ActiveCfg = Debug|Any CPU
		{1D30D2FE-7B2F-405B-86CE-7108F1B26497}.Debug|Any CPU.Build.0 = Debug|Any CPU
		{1D30D2FE-7B2F-405B-86CE-7108F1B26497}.Debug|x64.ActiveCfg = Debug|Any CPU
		{1D30D2FE-7B2F-405B-86CE-7108F1B26497}.Debug|x64.Build.0 = Debug|Any CPU
		{1D30D2FE-7B2F-405B-86CE-7108F1B26497}.Debug|x86.ActiveCfg = Debug|Any CPU
		{1D30D2FE-7B2F-405B-86CE-7108F1B26497}.Debug|x86.Build.0 = Debug|Any CPU
		{1D30D2FE-7B2F-405B-86CE-7108F1B26497}.Release|Any CPU.ActiveCfg = Release|Any CPU
		{1D30D2FE-7B2F-405B-86CE-7108F1B26497}.Release|Any CPU.Build.0 = Release|Any CPU
		{1D30D2FE-7B2F-405B-86CE-7108F1B26497}.Release|x64.ActiveCfg = Release|Any CPU
		{1D30D2FE-7B2F-405B-86CE-7108F1B26497}.Release|x64.Build.0 = Release|Any CPU
		{1D30D2FE-7B2F-405B-86CE-7108F1B26497}.Release|x86.ActiveCfg = Release|Any CPU
		{1D30D2FE-7B2F-405B-86CE-7108F1B26497}.Release|x86.Build.0 = Release|Any CPU
		{1848D401-6941-4009-AE45-FEB7D242B57B}.Debug|Any CPU.ActiveCfg = Debug|Any CPU
		{1848D401-6941-4009-AE45-FEB7D242B57B}.Debug|Any CPU.Build.0 = Debug|Any CPU
		{1848D401-6941-4009-AE45-FEB7D242B57B}.Debug|x64.ActiveCfg = Debug|Any CPU
		{1848D401-6941-4009-AE45-FEB7D242B57B}.Debug|x64.Build.0 = Debug|Any CPU
		{1848D401-6941-4009-AE45-FEB7D242B57B}.Debug|x86.ActiveCfg = Debug|Any CPU
		{1848D401-6941-4009-AE45-FEB7D242B57B}.Debug|x86.Build.0 = Debug|Any CPU
		{1848D401-6941-4009-AE45-FEB7D242B57B}.Release|Any CPU.ActiveCfg = Release|Any CPU
		{1848D401-6941-4009-AE45-FEB7D242B57B}.Release|Any CPU.Build.0 = Release|Any CPU
		{1848D401-6941-4009-AE45-FEB7D242B57B}.Release|x64.ActiveCfg = Release|Any CPU
		{1848D401-6941-4009-AE45-FEB7D242B57B}.Release|x64.Build.0 = Release|Any CPU
		{1848D401-6941-4009-AE45-FEB7D242B57B}.Release|x86.ActiveCfg = Release|Any CPU
		{1848D401-6941-4009-AE45-FEB7D242B57B}.Release|x86.Build.0 = Release|Any CPU
		{D1AB0F04-9924-4351-9B4A-9200440D59E4}.Debug|Any CPU.ActiveCfg = Debug|Any CPU
		{D1AB0F04-9924-4351-9B4A-9200440D59E4}.Debug|Any CPU.Build.0 = Debug|Any CPU
		{D1AB0F04-9924-4351-9B4A-9200440D59E4}.Debug|x64.ActiveCfg = Debug|Any CPU
		{D1AB0F04-9924-4351-9B4A-9200440D59E4}.Debug|x64.Build.0 = Debug|Any CPU
		{D1AB0F04-9924-4351-9B4A-9200440D59E4}.Debug|x86.ActiveCfg = Debug|Any CPU
		{D1AB0F04-9924-4351-9B4A-9200440D59E4}.Debug|x86.Build.0 = Debug|Any CPU
		{D1AB0F04-9924-4351-9B4A-9200440D59E4}.Release|Any CPU.ActiveCfg = Release|Any CPU
		{D1AB0F04-9924-4351-9B4A-9200440D59E4}.Release|Any CPU.Build.0 = Release|Any CPU
		{D1AB0F04-9924-4351-9B4A-9200440D59E4}.Release|x64.ActiveCfg = Release|Any CPU
		{D1AB0F04-9924-4351-9B4A-9200440D59E4}.Release|x64.Build.0 = Release|Any CPU
		{D1AB0F04-9924-4351-9B4A-9200440D59E4}.Release|x86.ActiveCfg = Release|Any CPU
		{D1AB0F04-9924-4351-9B4A-9200440D59E4}.Release|x86.Build.0 = Release|Any CPU
		{22D96AC1-F682-4476-9430-29358A0E2090}.Debug|Any CPU.ActiveCfg = Debug|Any CPU
		{22D96AC1-F682-4476-9430-29358A0E2090}.Debug|Any CPU.Build.0 = Debug|Any CPU
		{22D96AC1-F682-4476-9430-29358A0E2090}.Debug|x64.ActiveCfg = Debug|Any CPU
		{22D96AC1-F682-4476-9430-29358A0E2090}.Debug|x64.Build.0 = Debug|Any CPU
		{22D96AC1-F682-4476-9430-29358A0E2090}.Debug|x86.ActiveCfg = Debug|Any CPU
		{22D96AC1-F682-4476-9430-29358A0E2090}.Debug|x86.Build.0 = Debug|Any CPU
		{22D96AC1-F682-4476-9430-29358A0E2090}.Release|Any CPU.ActiveCfg = Release|Any CPU
		{22D96AC1-F682-4476-9430-29358A0E2090}.Release|Any CPU.Build.0 = Release|Any CPU
		{22D96AC1-F682-4476-9430-29358A0E2090}.Release|x64.ActiveCfg = Release|Any CPU
		{22D96AC1-F682-4476-9430-29358A0E2090}.Release|x64.Build.0 = Release|Any CPU
		{22D96AC1-F682-4476-9430-29358A0E2090}.Release|x86.ActiveCfg = Release|Any CPU
		{22D96AC1-F682-4476-9430-29358A0E2090}.Release|x86.Build.0 = Release|Any CPU
		{7598F52C-DBF3-4BAA-B145-BCE18E040335}.Debug|Any CPU.ActiveCfg = Debug|Any CPU
		{7598F52C-DBF3-4BAA-B145-BCE18E040335}.Debug|Any CPU.Build.0 = Debug|Any CPU
		{7598F52C-DBF3-4BAA-B145-BCE18E040335}.Debug|x64.ActiveCfg = Debug|Any CPU
		{7598F52C-DBF3-4BAA-B145-BCE18E040335}.Debug|x64.Build.0 = Debug|Any CPU
		{7598F52C-DBF3-4BAA-B145-BCE18E040335}.Debug|x86.ActiveCfg = Debug|Any CPU
		{7598F52C-DBF3-4BAA-B145-BCE18E040335}.Debug|x86.Build.0 = Debug|Any CPU
		{7598F52C-DBF3-4BAA-B145-BCE18E040335}.Release|Any CPU.ActiveCfg = Release|Any CPU
		{7598F52C-DBF3-4BAA-B145-BCE18E040335}.Release|Any CPU.Build.0 = Release|Any CPU
		{7598F52C-DBF3-4BAA-B145-BCE18E040335}.Release|x64.ActiveCfg = Release|Any CPU
		{7598F52C-DBF3-4BAA-B145-BCE18E040335}.Release|x64.Build.0 = Release|Any CPU
		{7598F52C-DBF3-4BAA-B145-BCE18E040335}.Release|x86.ActiveCfg = Release|Any CPU
		{7598F52C-DBF3-4BAA-B145-BCE18E040335}.Release|x86.Build.0 = Release|Any CPU
		{AD540624-5CE9-43B7-97D4-4403361774D5}.Debug|Any CPU.ActiveCfg = Debug|Any CPU
		{AD540624-5CE9-43B7-97D4-4403361774D5}.Debug|Any CPU.Build.0 = Debug|Any CPU
		{AD540624-5CE9-43B7-97D4-4403361774D5}.Debug|x64.ActiveCfg = Debug|Any CPU
		{AD540624-5CE9-43B7-97D4-4403361774D5}.Debug|x64.Build.0 = Debug|Any CPU
		{AD540624-5CE9-43B7-97D4-4403361774D5}.Debug|x86.ActiveCfg = Debug|Any CPU
		{AD540624-5CE9-43B7-97D4-4403361774D5}.Debug|x86.Build.0 = Debug|Any CPU
		{AD540624-5CE9-43B7-97D4-4403361774D5}.Release|Any CPU.ActiveCfg = Release|Any CPU
		{AD540624-5CE9-43B7-97D4-4403361774D5}.Release|Any CPU.Build.0 = Release|Any CPU
		{AD540624-5CE9-43B7-97D4-4403361774D5}.Release|x64.ActiveCfg = Release|Any CPU
		{AD540624-5CE9-43B7-97D4-4403361774D5}.Release|x64.Build.0 = Release|Any CPU
		{AD540624-5CE9-43B7-97D4-4403361774D5}.Release|x86.ActiveCfg = Release|Any CPU
		{AD540624-5CE9-43B7-97D4-4403361774D5}.Release|x86.Build.0 = Release|Any CPU
		{B8F1ACA4-674D-469C-96E4-2EE6FA82E493}.Debug|Any CPU.ActiveCfg = Debug|Any CPU
		{B8F1ACA4-674D-469C-96E4-2EE6FA82E493}.Debug|Any CPU.Build.0 = Debug|Any CPU
		{B8F1ACA4-674D-469C-96E4-2EE6FA82E493}.Debug|x64.ActiveCfg = Debug|Any CPU
		{B8F1ACA4-674D-469C-96E4-2EE6FA82E493}.Debug|x64.Build.0 = Debug|Any CPU
		{B8F1ACA4-674D-469C-96E4-2EE6FA82E493}.Debug|x86.ActiveCfg = Debug|Any CPU
		{B8F1ACA4-674D-469C-96E4-2EE6FA82E493}.Debug|x86.Build.0 = Debug|Any CPU
		{B8F1ACA4-674D-469C-96E4-2EE6FA82E493}.Release|Any CPU.ActiveCfg = Release|Any CPU
		{B8F1ACA4-674D-469C-96E4-2EE6FA82E493}.Release|Any CPU.Build.0 = Release|Any CPU
		{B8F1ACA4-674D-469C-96E4-2EE6FA82E493}.Release|x64.ActiveCfg = Release|Any CPU
		{B8F1ACA4-674D-469C-96E4-2EE6FA82E493}.Release|x64.Build.0 = Release|Any CPU
		{B8F1ACA4-674D-469C-96E4-2EE6FA82E493}.Release|x86.ActiveCfg = Release|Any CPU
		{B8F1ACA4-674D-469C-96E4-2EE6FA82E493}.Release|x86.Build.0 = Release|Any CPU
		{C3A1EEB0-7B01-4A82-A6A4-BE11D57CFC3B}.Debug|Any CPU.ActiveCfg = Debug|Any CPU
		{C3A1EEB0-7B01-4A82-A6A4-BE11D57CFC3B}.Debug|Any CPU.Build.0 = Debug|Any CPU
		{C3A1EEB0-7B01-4A82-A6A4-BE11D57CFC3B}.Debug|x64.ActiveCfg = Debug|Any CPU
		{C3A1EEB0-7B01-4A82-A6A4-BE11D57CFC3B}.Debug|x64.Build.0 = Debug|Any CPU
		{C3A1EEB0-7B01-4A82-A6A4-BE11D57CFC3B}.Debug|x86.ActiveCfg = Debug|Any CPU
		{C3A1EEB0-7B01-4A82-A6A4-BE11D57CFC3B}.Debug|x86.Build.0 = Debug|Any CPU
		{C3A1EEB0-7B01-4A82-A6A4-BE11D57CFC3B}.Release|Any CPU.ActiveCfg = Release|Any CPU
		{C3A1EEB0-7B01-4A82-A6A4-BE11D57CFC3B}.Release|Any CPU.Build.0 = Release|Any CPU
		{C3A1EEB0-7B01-4A82-A6A4-BE11D57CFC3B}.Release|x64.ActiveCfg = Release|Any CPU
		{C3A1EEB0-7B01-4A82-A6A4-BE11D57CFC3B}.Release|x64.Build.0 = Release|Any CPU
		{C3A1EEB0-7B01-4A82-A6A4-BE11D57CFC3B}.Release|x86.ActiveCfg = Release|Any CPU
		{C3A1EEB0-7B01-4A82-A6A4-BE11D57CFC3B}.Release|x86.Build.0 = Release|Any CPU
		{C65307CA-865E-4E1D-AEC0-87043F7F5D9A}.Debug|Any CPU.ActiveCfg = Debug|Any CPU
		{C65307CA-865E-4E1D-AEC0-87043F7F5D9A}.Debug|Any CPU.Build.0 = Debug|Any CPU
		{C65307CA-865E-4E1D-AEC0-87043F7F5D9A}.Debug|x64.ActiveCfg = Debug|Any CPU
		{C65307CA-865E-4E1D-AEC0-87043F7F5D9A}.Debug|x64.Build.0 = Debug|Any CPU
		{C65307CA-865E-4E1D-AEC0-87043F7F5D9A}.Debug|x86.ActiveCfg = Debug|Any CPU
		{C65307CA-865E-4E1D-AEC0-87043F7F5D9A}.Debug|x86.Build.0 = Debug|Any CPU
		{C65307CA-865E-4E1D-AEC0-87043F7F5D9A}.Release|Any CPU.ActiveCfg = Release|Any CPU
		{C65307CA-865E-4E1D-AEC0-87043F7F5D9A}.Release|Any CPU.Build.0 = Release|Any CPU
		{C65307CA-865E-4E1D-AEC0-87043F7F5D9A}.Release|x64.ActiveCfg = Release|Any CPU
		{C65307CA-865E-4E1D-AEC0-87043F7F5D9A}.Release|x64.Build.0 = Release|Any CPU
		{C65307CA-865E-4E1D-AEC0-87043F7F5D9A}.Release|x86.ActiveCfg = Release|Any CPU
		{C65307CA-865E-4E1D-AEC0-87043F7F5D9A}.Release|x86.Build.0 = Release|Any CPU
		{B3891BDD-EE2D-4EE5-9953-3CFA9A698519}.Debug|Any CPU.ActiveCfg = Debug|Any CPU
		{B3891BDD-EE2D-4EE5-9953-3CFA9A698519}.Debug|Any CPU.Build.0 = Debug|Any CPU
		{B3891BDD-EE2D-4EE5-9953-3CFA9A698519}.Debug|x64.ActiveCfg = Debug|Any CPU
		{B3891BDD-EE2D-4EE5-9953-3CFA9A698519}.Debug|x64.Build.0 = Debug|Any CPU
		{B3891BDD-EE2D-4EE5-9953-3CFA9A698519}.Debug|x86.ActiveCfg = Debug|Any CPU
		{B3891BDD-EE2D-4EE5-9953-3CFA9A698519}.Debug|x86.Build.0 = Debug|Any CPU
		{B3891BDD-EE2D-4EE5-9953-3CFA9A698519}.Release|Any CPU.ActiveCfg = Release|Any CPU
		{B3891BDD-EE2D-4EE5-9953-3CFA9A698519}.Release|Any CPU.Build.0 = Release|Any CPU
		{B3891BDD-EE2D-4EE5-9953-3CFA9A698519}.Release|x64.ActiveCfg = Release|Any CPU
		{B3891BDD-EE2D-4EE5-9953-3CFA9A698519}.Release|x64.Build.0 = Release|Any CPU
		{B3891BDD-EE2D-4EE5-9953-3CFA9A698519}.Release|x86.ActiveCfg = Release|Any CPU
		{B3891BDD-EE2D-4EE5-9953-3CFA9A698519}.Release|x86.Build.0 = Release|Any CPU
		{B2466F36-4F87-4F61-895E-477D4B708DC1}.Debug|Any CPU.ActiveCfg = Debug|Any CPU
		{B2466F36-4F87-4F61-895E-477D4B708DC1}.Debug|Any CPU.Build.0 = Debug|Any CPU
		{B2466F36-4F87-4F61-895E-477D4B708DC1}.Debug|x64.ActiveCfg = Debug|Any CPU
		{B2466F36-4F87-4F61-895E-477D4B708DC1}.Debug|x64.Build.0 = Debug|Any CPU
		{B2466F36-4F87-4F61-895E-477D4B708DC1}.Debug|x86.ActiveCfg = Debug|Any CPU
		{B2466F36-4F87-4F61-895E-477D4B708DC1}.Debug|x86.Build.0 = Debug|Any CPU
		{B2466F36-4F87-4F61-895E-477D4B708DC1}.Release|Any CPU.ActiveCfg = Release|Any CPU
		{B2466F36-4F87-4F61-895E-477D4B708DC1}.Release|Any CPU.Build.0 = Release|Any CPU
		{B2466F36-4F87-4F61-895E-477D4B708DC1}.Release|x64.ActiveCfg = Release|Any CPU
		{B2466F36-4F87-4F61-895E-477D4B708DC1}.Release|x64.Build.0 = Release|Any CPU
		{B2466F36-4F87-4F61-895E-477D4B708DC1}.Release|x86.ActiveCfg = Release|Any CPU
		{B2466F36-4F87-4F61-895E-477D4B708DC1}.Release|x86.Build.0 = Release|Any CPU
		{E654E72A-DC6A-4421-8644-9E9C3802CAC7}.Debug|Any CPU.ActiveCfg = Debug|Any CPU
		{E654E72A-DC6A-4421-8644-9E9C3802CAC7}.Debug|Any CPU.Build.0 = Debug|Any CPU
		{E654E72A-DC6A-4421-8644-9E9C3802CAC7}.Debug|x64.ActiveCfg = Debug|Any CPU
		{E654E72A-DC6A-4421-8644-9E9C3802CAC7}.Debug|x64.Build.0 = Debug|Any CPU
		{E654E72A-DC6A-4421-8644-9E9C3802CAC7}.Debug|x86.ActiveCfg = Debug|Any CPU
		{E654E72A-DC6A-4421-8644-9E9C3802CAC7}.Debug|x86.Build.0 = Debug|Any CPU
		{E654E72A-DC6A-4421-8644-9E9C3802CAC7}.Release|Any CPU.ActiveCfg = Release|Any CPU
		{E654E72A-DC6A-4421-8644-9E9C3802CAC7}.Release|Any CPU.Build.0 = Release|Any CPU
		{E654E72A-DC6A-4421-8644-9E9C3802CAC7}.Release|x64.ActiveCfg = Release|Any CPU
		{E654E72A-DC6A-4421-8644-9E9C3802CAC7}.Release|x64.Build.0 = Release|Any CPU
		{E654E72A-DC6A-4421-8644-9E9C3802CAC7}.Release|x86.ActiveCfg = Release|Any CPU
		{E654E72A-DC6A-4421-8644-9E9C3802CAC7}.Release|x86.Build.0 = Release|Any CPU
		{BA545025-45BD-4BE2-85D7-92D8069017C8}.Debug|Any CPU.ActiveCfg = Debug|Any CPU
		{BA545025-45BD-4BE2-85D7-92D8069017C8}.Debug|Any CPU.Build.0 = Debug|Any CPU
		{BA545025-45BD-4BE2-85D7-92D8069017C8}.Debug|x64.ActiveCfg = Debug|Any CPU
		{BA545025-45BD-4BE2-85D7-92D8069017C8}.Debug|x64.Build.0 = Debug|Any CPU
		{BA545025-45BD-4BE2-85D7-92D8069017C8}.Debug|x86.ActiveCfg = Debug|Any CPU
		{BA545025-45BD-4BE2-85D7-92D8069017C8}.Debug|x86.Build.0 = Debug|Any CPU
		{BA545025-45BD-4BE2-85D7-92D8069017C8}.Release|Any CPU.ActiveCfg = Release|Any CPU
		{BA545025-45BD-4BE2-85D7-92D8069017C8}.Release|Any CPU.Build.0 = Release|Any CPU
		{BA545025-45BD-4BE2-85D7-92D8069017C8}.Release|x64.ActiveCfg = Release|Any CPU
		{BA545025-45BD-4BE2-85D7-92D8069017C8}.Release|x64.Build.0 = Release|Any CPU
		{BA545025-45BD-4BE2-85D7-92D8069017C8}.Release|x86.ActiveCfg = Release|Any CPU
		{BA545025-45BD-4BE2-85D7-92D8069017C8}.Release|x86.Build.0 = Release|Any CPU
		{9272AE9F-D8CD-4DE5-85A2-213A15733FAA}.Debug|Any CPU.ActiveCfg = Debug|Any CPU
		{9272AE9F-D8CD-4DE5-85A2-213A15733FAA}.Debug|Any CPU.Build.0 = Debug|Any CPU
		{9272AE9F-D8CD-4DE5-85A2-213A15733FAA}.Debug|x64.ActiveCfg = Debug|Any CPU
		{9272AE9F-D8CD-4DE5-85A2-213A15733FAA}.Debug|x64.Build.0 = Debug|Any CPU
		{9272AE9F-D8CD-4DE5-85A2-213A15733FAA}.Debug|x86.ActiveCfg = Debug|Any CPU
		{9272AE9F-D8CD-4DE5-85A2-213A15733FAA}.Debug|x86.Build.0 = Debug|Any CPU
		{9272AE9F-D8CD-4DE5-85A2-213A15733FAA}.Release|Any CPU.ActiveCfg = Release|Any CPU
		{9272AE9F-D8CD-4DE5-85A2-213A15733FAA}.Release|Any CPU.Build.0 = Release|Any CPU
		{9272AE9F-D8CD-4DE5-85A2-213A15733FAA}.Release|x64.ActiveCfg = Release|Any CPU
		{9272AE9F-D8CD-4DE5-85A2-213A15733FAA}.Release|x64.Build.0 = Release|Any CPU
		{9272AE9F-D8CD-4DE5-85A2-213A15733FAA}.Release|x86.ActiveCfg = Release|Any CPU
		{9272AE9F-D8CD-4DE5-85A2-213A15733FAA}.Release|x86.Build.0 = Release|Any CPU
		{CAF0B360-24CF-4116-AC33-B416C3002973}.Debug|Any CPU.ActiveCfg = Debug|Any CPU
		{CAF0B360-24CF-4116-AC33-B416C3002973}.Debug|Any CPU.Build.0 = Debug|Any CPU
		{CAF0B360-24CF-4116-AC33-B416C3002973}.Debug|x64.ActiveCfg = Debug|Any CPU
		{CAF0B360-24CF-4116-AC33-B416C3002973}.Debug|x64.Build.0 = Debug|Any CPU
		{CAF0B360-24CF-4116-AC33-B416C3002973}.Debug|x86.ActiveCfg = Debug|Any CPU
		{CAF0B360-24CF-4116-AC33-B416C3002973}.Debug|x86.Build.0 = Debug|Any CPU
		{CAF0B360-24CF-4116-AC33-B416C3002973}.Release|Any CPU.ActiveCfg = Release|Any CPU
		{CAF0B360-24CF-4116-AC33-B416C3002973}.Release|Any CPU.Build.0 = Release|Any CPU
		{CAF0B360-24CF-4116-AC33-B416C3002973}.Release|x64.ActiveCfg = Release|Any CPU
		{CAF0B360-24CF-4116-AC33-B416C3002973}.Release|x64.Build.0 = Release|Any CPU
		{CAF0B360-24CF-4116-AC33-B416C3002973}.Release|x86.ActiveCfg = Release|Any CPU
		{CAF0B360-24CF-4116-AC33-B416C3002973}.Release|x86.Build.0 = Release|Any CPU
		{AA94B2E9-1170-41C0-84B0-511F76486C70}.Debug|Any CPU.ActiveCfg = Debug|Any CPU
		{AA94B2E9-1170-41C0-84B0-511F76486C70}.Debug|Any CPU.Build.0 = Debug|Any CPU
		{AA94B2E9-1170-41C0-84B0-511F76486C70}.Debug|x64.ActiveCfg = Debug|Any CPU
		{AA94B2E9-1170-41C0-84B0-511F76486C70}.Debug|x64.Build.0 = Debug|Any CPU
		{AA94B2E9-1170-41C0-84B0-511F76486C70}.Debug|x86.ActiveCfg = Debug|Any CPU
		{AA94B2E9-1170-41C0-84B0-511F76486C70}.Debug|x86.Build.0 = Debug|Any CPU
		{AA94B2E9-1170-41C0-84B0-511F76486C70}.Release|Any CPU.ActiveCfg = Release|Any CPU
		{AA94B2E9-1170-41C0-84B0-511F76486C70}.Release|Any CPU.Build.0 = Release|Any CPU
		{AA94B2E9-1170-41C0-84B0-511F76486C70}.Release|x64.ActiveCfg = Release|Any CPU
		{AA94B2E9-1170-41C0-84B0-511F76486C70}.Release|x64.Build.0 = Release|Any CPU
		{AA94B2E9-1170-41C0-84B0-511F76486C70}.Release|x86.ActiveCfg = Release|Any CPU
		{AA94B2E9-1170-41C0-84B0-511F76486C70}.Release|x86.Build.0 = Release|Any CPU
	EndGlobalSection
	GlobalSection(SolutionProperties) = preSolution
		HideSolutionNode = FALSE
	EndGlobalSection
	GlobalSection(NestedProjects) = preSolution
		{FA8225FD-3554-4068-AB11-4EDBCC481CA9} = {827E0CD3-B72D-47B6-A68D-7590B98EB39B}
		{56645B69-9D49-47A7-8D4C-CB6383F39627} = {827E0CD3-B72D-47B6-A68D-7590B98EB39B}
		{C906FADB-BF5E-4C05-B5C8-4D557F00A526} = {827E0CD3-B72D-47B6-A68D-7590B98EB39B}
		{F4304E9E-9CF4-453E-8C76-8DA3C6592FEC} = {827E0CD3-B72D-47B6-A68D-7590B98EB39B}
		{A8AF94C8-2E6E-4F83-B5B5-7EFB060B1E9D} = {827E0CD3-B72D-47B6-A68D-7590B98EB39B}
		{27C81F6D-AE20-4491-B502-73039AEBF72D} = {827E0CD3-B72D-47B6-A68D-7590B98EB39B}
		{7EAA2AAE-EE1D-4894-8592-C70762594484} = {0AB3BF05-4346-4AA6-1389-037BE0695223}
		{E4D61E0E-BDCE-494F-ABDE-42D660F59634} = {0AB3BF05-4346-4AA6-1389-037BE0695223}
		{B6C7FDDC-8411-4323-9B8A-CF966466D300} = {0AB3BF05-4346-4AA6-1389-037BE0695223}
		{4D1A840E-C461-48F2-B413-A9FF8042C432} = {0AB3BF05-4346-4AA6-1389-037BE0695223}
		{7389E54C-56C6-46C8-98CC-D773F0D78552} = {0AB3BF05-4346-4AA6-1389-037BE0695223}
		{627DBD68-D5AE-469A-9E1E-A2CC65E1EAA8} = {0AB3BF05-4346-4AA6-1389-037BE0695223}
		{F482AFD6-B5D1-4DD6-A6F0-704D4BDFFF36} = {0AB3BF05-4346-4AA6-1389-037BE0695223}
		{1D30D2FE-7B2F-405B-86CE-7108F1B26497} = {827E0CD3-B72D-47B6-A68D-7590B98EB39B}
		{1848D401-6941-4009-AE45-FEB7D242B57B} = {827E0CD3-B72D-47B6-A68D-7590B98EB39B}
		{D1AB0F04-9924-4351-9B4A-9200440D59E4} = {5D20AA90-6969-D8BD-9DCD-8634F4692FDA}
		{F12727AA-ABEF-07AF-E6F0-CD96E3D9A8AF} = {0AB3BF05-4346-4AA6-1389-037BE0695223}
		{22D96AC1-F682-4476-9430-29358A0E2090} = {F12727AA-ABEF-07AF-E6F0-CD96E3D9A8AF}
		{7598F52C-DBF3-4BAA-B145-BCE18E040335} = {F12727AA-ABEF-07AF-E6F0-CD96E3D9A8AF}
		{AD540624-5CE9-43B7-97D4-4403361774D5} = {0AB3BF05-4346-4AA6-1389-037BE0695223}
		{B8F1ACA4-674D-469C-96E4-2EE6FA82E493} = {0AB3BF05-4346-4AA6-1389-037BE0695223}
		{C3A1EEB0-7B01-4A82-A6A4-BE11D57CFC3B} = {07D57EEB-2F50-60C4-C011-FE4FA775C9A8}
		{C65307CA-865E-4E1D-AEC0-87043F7F5D9A} = {0AB3BF05-4346-4AA6-1389-037BE0695223}
		{B3891BDD-EE2D-4EE5-9953-3CFA9A698519} = {827E0CD3-B72D-47B6-A68D-7590B98EB39B}
		{B2466F36-4F87-4F61-895E-477D4B708DC1} = {0AB3BF05-4346-4AA6-1389-037BE0695223}
		{E654E72A-DC6A-4421-8644-9E9C3802CAC7} = {827E0CD3-B72D-47B6-A68D-7590B98EB39B}
		{BA545025-45BD-4BE2-85D7-92D8069017C8} = {0AB3BF05-4346-4AA6-1389-037BE0695223}
		{9272AE9F-D8CD-4DE5-85A2-213A15733FAA} = {827E0CD3-B72D-47B6-A68D-7590B98EB39B}
		{CAF0B360-24CF-4116-AC33-B416C3002973} = {827E0CD3-B72D-47B6-A68D-7590B98EB39B}
		{AA94B2E9-1170-41C0-84B0-511F76486C70} = {0AB3BF05-4346-4AA6-1389-037BE0695223}
	EndGlobalSection
EndGlobal
