
Microsoft Visual Studio Solution File, Format Version 12.00
# Visual Studio Version 17
VisualStudioVersion = 17.0.31903.59
MinimumVisualStudioVersion = 10.0.40219.1
Project("{2150E333-8FDC-42A3-9474-1A3956D46DE8}") = "src", "src", "{827E0CD3-B72D-47B6-A68D-7590B98EB39B}"
EndProject
Project("{FAE04EC0-301F-11D3-BF4B-00C04F79EFBC}") = "MyRPA.Core", "src\MyRPA.Core\MyRPA.Core.csproj", "{FA8225FD-3554-4068-AB11-4EDBCC481CA9}"
EndProject
Project("{FAE04EC0-301F-11D3-BF4B-00C04F79EFBC}") = "MyRPA.Workflow", "src\MyRPA.Workflow\MyRPA.Workflow.csproj", "{56645B69-9D49-47A7-8D4C-CB6383F39627}"
EndProject
Project("{FAE04EC0-301F-11D3-BF4B-00C04F79EFBC}") = "MyRPA.Activities", "src\MyRPA.Activities\MyRPA.Activities.csproj", "{C906FADB-BF5E-4C05-B5C8-4D557F00A526}"
EndProject
Project("{FAE04EC0-301F-11D3-BF4B-00C04F79EFBC}") = "MyRPA.Runtime", "src\MyRPA.Runtime\MyRPA.Runtime.csproj", "{F4304E9E-9CF4-453E-8C76-8DA3C6592FEC}"
EndProject
Project("{FAE04EC0-301F-11D3-BF4B-00C04F79EFBC}") = "MyRPA.Storage", "src\MyRPA.Storage\MyRPA.Storage.csproj", "{A8AF94C8-2E6E-4F83-B5B5-7EFB060B1E9D}"
EndProject
Project("{FAE04EC0-301F-11D3-BF4B-00C04F79EFBC}") = "MyRPA.Cli", "src\MyRPA.Cli\MyRPA.Cli.csproj", "{27C81F6D-AE20-4491-B502-73039AEBF72D}"
EndProject
Project("{2150E333-8FDC-42A3-9474-1A3956D46DE8}") = "tests", "tests", "{0AB3BF05-4346-4AA6-1389-037BE0695223}"
EndProject
Project("{FAE04EC0-301F-11D3-BF4B-00C04F79EFBC}") = "MyRPA.Core.Tests", "tests\MyRPA.Core.Tests\MyRPA.Core.Tests.csproj", "{7EAA2AAE-EE1D-4894-8592-C70762594484}"
EndProject
Project("{FAE04EC0-301F-11D3-BF4B-00C04F79EFBC}") = "MyRPA.Workflow.Tests", "tests\MyRPA.Workflow.Tests\MyRPA.Workflow.Tests.csproj", "{E4D61E0E-BDCE-494F-ABDE-42D660F59634}"
EndProject
Project("{FAE04EC0-301F-11D3-BF4B-00C04F79EFBC}") = "MyRPA.Runtime.Tests", "tests\MyRPA.Runtime.Tests\MyRPA.Runtime.Tests.csproj", "{B6C7FDDC-8411-4323-9B8A-CF966466D300}"
EndProject
Project("{FAE04EC0-301F-11D3-BF4B-00C04F79EFBC}") = "MyRPA.Activities.Tests", "tests\MyRPA.Activities.Tests\MyRPA.Activities.Tests.csproj", "{4D1A840E-C461-48F2-B413-A9FF8042C432}"
EndProject
Project("{FAE04EC0-301F-11D3-BF4B-00C04F79EFBC}") = "MyRPA.Integration.Tests", "tests\MyRPA.Integration.Tests\MyRPA.Integration.Tests.csproj", "{7389E54C-56C6-46C8-98CC-D773F0D78552}"
EndProject
Project("{FAE04EC0-301F-11D3-BF4B-00C04F79EFBC}") = "MyRPA.Architecture.Tests", "tests\MyRPA.Architecture.Tests\MyRPA.Architecture.Tests.csproj", "{627DBD68-D5AE-469A-9E1E-A2CC65E1EAA8}"
EndProject
Global
	GlobalSection(SolutionConfigurationPlatforms) = preSolution
		Debug|Any CPU = Debug|Any CPU
		Debug|x64 = Debug|x64
		Debug|x86 = Debug|x86
		Release|Any CPU = Release|Any CPU
		Release|x64 = Release|x64
		Release|x86 = Release|x86
	EndGlobalSection
	GlobalSection(ProjectConfigurationPlatforms) = postSolution
		{FA8225FD-3554-4068-AB11-4EDBCC481CA9}.Debug|Any CPU.ActiveCfg = Debug|Any CPU
		{FA8225FD-3554-4068-AB11-4EDBCC481CA9}.Debug|Any CPU.Build.0 = Debug|Any CPU
		{FA8225FD-3554-4068-AB11-4EDBCC481CA9}.Debug|x64.ActiveCfg = Debug|Any CPU
		{FA8225FD-3554-4068-AB11-4EDBCC481CA9}.Debug|x64.Build.0 = Debug|Any CPU
		{FA8225FD-3554-4068-AB11-4EDBCC481CA9}.Debug|x86.ActiveCfg = Debug|Any CPU
		{FA8225FD-3554-4068-AB11-4EDBCC481CA9}.Debug|x86.Build.0 = Debug|Any CPU
		{FA8225FD-3554-4068-AB11-4EDBCC481CA9}.Release|Any CPU.ActiveCfg = Release|Any CPU
		{FA8225FD-3554-4068-AB11-4EDBCC481CA9}.Release|Any CPU.Build.0 = Release|Any CPU
		{FA8225FD-3554-4068-AB11-4EDBCC481CA9}.Release|x64.ActiveCfg = Release|Any CPU
		{FA8225FD-3554-4068-AB11-4EDBCC481CA9}.Release|x64.Build.0 = Release|Any CPU
		{FA8225FD-3554-4068-AB11-4EDBCC481CA9}.Release|x86.ActiveCfg = Release|Any CPU
		{FA8225FD-3554-4068-AB11-4EDBCC481CA9}.Release|x86.Build.0 = Release|Any CPU
		{56645B69-9D49-47A7-8D4C-CB6383F39627}.Debug|Any CPU.ActiveCfg = Debug|Any CPU
		{56645B69-9D49-47A7-8D4C-CB6383F39627}.Debug|Any CPU.Build.0 = Debug|Any CPU
		{56645B69-9D49-47A7-8D4C-CB6383F39627}.Debug|x64.ActiveCfg = Debug|Any CPU
		{56645B69-9D49-47A7-8D4C-CB6383F39627}.Debug|x64.Build.0 = Debug|Any CPU
		{56645B69-9D49-47A7-8D4C-CB6383F39627}.Debug|x86.ActiveCfg = Debug|Any CPU
		{56645B69-9D49-47A7-8D4C-CB6383F39627}.Debug|x86.Build.0 = Debug|Any CPU
		{56645B69-9D49-47A7-8D4C-CB6383F39627}.Release|Any CPU.ActiveCfg = Release|Any CPU
		{56645B69-9D49-47A7-8D4C-CB6383F39627}.Release|Any CPU.Build.0 = Release|Any CPU
		{56645B69-9D49-47A7-8D4C-CB6383F39627}.Release|x64.ActiveCfg = Release|Any CPU
		{56645B69-9D49-47A7-8D4C-CB6383F39627}.Release|x64.Build.0 = Release|Any CPU
		{56645B69-9D49-47A7-8D4C-CB6383F39627}.Release|x86.ActiveCfg = Release|Any CPU
		{56645B69-9D49-47A7-8D4C-CB6383F39627}.Release|x86.Build.0 = Release|Any CPU
		{C906FADB-BF5E-4C05-B5C8-4D557F00A526}.Debug|Any CPU.ActiveCfg = Debug|Any CPU
		{C906FADB-BF5E-4C05-B5C8-4D557F00A526}.Debug|Any CPU.Build.0 = Debug|Any CPU
		{C906FADB-BF5E-4C05-B5C8-4D557F00A526}.Debug|x64.ActiveCfg = Debug|Any CPU
		{C906FADB-BF5E-4C05-B5C8-4D557F00A526}.Debug|x64.Build.0 = Debug|Any CPU
		{C906FADB-BF5E-4C05-B5C8-4D557F00A526}.Debug|x86.ActiveCfg = Debug|Any CPU
		{C906FADB-BF5E-4C05-B5C8-4D557F00A526}.Debug|x86.Build.0 = Debug|Any CPU
		{C906FADB-BF5E-4C05-B5C8-4D557F00A526}.Release|Any CPU.ActiveCfg = Release|Any CPU
		{C906FADB-BF5E-4C05-B5C8-4D557F00A526}.Release|Any CPU.Build.0 = Release|Any CPU
		{C906FADB-BF5E-4C05-B5C8-4D557F00A526}.Release|x64.ActiveCfg = Release|Any CPU
		{C906FADB-BF5E-4C05-B5C8-4D557F00A526}.Release|x64.Build.0 = Release|Any CPU
		{C906FADB-BF5E-4C05-B5C8-4D557F00A526}.Release|x86.ActiveCfg = Release|Any CPU
		{C906FADB-BF5E-4C05-B5C8-4D557F00A526}.Release|x86.Build.0 = Release|Any CPU
		{F4304E9E-9CF4-453E-8C76-8DA3C6592FEC}.Debug|Any CPU.ActiveCfg = Debug|Any CPU
		{F4304E9E-9CF4-453E-8C76-8DA3C6592FEC}.Debug|Any CPU.Build.0 = Debug|Any CPU
		{F4304E9E-9CF4-453E-8C76-8DA3C6592FEC}.Debug|x64.ActiveCfg = Debug|Any CPU
		{F4304E9E-9CF4-453E-8C76-8DA3C6592FEC}.Debug|x64.Build.0 = Debug|Any CPU
		{F4304E9E-9CF4-453E-8C76-8DA3C6592FEC}.Debug|x86.ActiveCfg = Debug|Any CPU
		{F4304E9E-9CF4-453E-8C76-8DA3C6592FEC}.Debug|x86.Build.0 = Debug|Any CPU
		{F4304E9E-9CF4-453E-8C76-8DA3C6592FEC}.Release|Any CPU.ActiveCfg = Release|Any CPU
		{F4304E9E-9CF4-453E-8C76-8DA3C6592FEC}.Release|Any CPU.Build.0 = Release|Any CPU
		{F4304E9E-9CF4-453E-8C76-8DA3C6592FEC}.Release|x64.ActiveCfg = Release|Any CPU
		{F4304E9E-9CF4-453E-8C76-8DA3C6592FEC}.Release|x64.Build.0 = Release|Any CPU
		{F4304E9E-9CF4-453E-8C76-8DA3C6592FEC}.Release|x86.ActiveCfg = Release|Any CPU
		{F4304E9E-9CF4-453E-8C76-8DA3C6592FEC}.Release|x86.Build.0 = Release|Any CPU
		{A8AF94C8-2E6E-4F83-B5B5-7EFB060B1E9D}.Debug|Any CPU.ActiveCfg = Debug|Any CPU
		{A8AF94C8-2E6E-4F83-B5B5-7EFB060B1E9D}.Debug|Any CPU.Build.0 = Debug|Any CPU
		{A8AF94C8-2E6E-4F83-B5B5-7EFB060B1E9D}.Debug|x64.ActiveCfg = Debug|Any CPU
		{A8AF94C8-2E6E-4F83-B5B5-7EFB060B1E9D}.Debug|x64.Build.0 = Debug|Any CPU
		{A8AF94C8-2E6E-4F83-B5B5-7EFB060B1E9D}.Debug|x86.ActiveCfg = Debug|Any CPU
		{A8AF94C8-2E6E-4F83-B5B5-7EFB060B1E9D}.Debug|x86.Build.0 = Debug|Any CPU
		{A8AF94C8-2E6E-4F83-B5B5-7EFB060B1E9D}.Release|Any CPU.ActiveCfg = Release|Any CPU
		{A8AF94C8-2E6E-4F83-B5B5-7EFB060B1E9D}.Release|Any CPU.Build.0 = Release|Any CPU
		{A8AF94C8-2E6E-4F83-B5B5-7EFB060B1E9D}.Release|x64.ActiveCfg = Release|Any CPU
		{A8AF94C8-2E6E-4F83-B5B5-7EFB060B1E9D}.Release|x64.Build.0 = Release|Any CPU
		{A8AF94C8-2E6E-4F83-B5B5-7EFB060B1E9D}.Release|x86.ActiveCfg = Release|Any CPU
		{A8AF94C8-2E6E-4F83-B5B5-7EFB060B1E9D}.Release|x86.Build.0 = Release|Any CPU
		{27C81F6D-AE20-4491-B502-73039AEBF72D}.Debug|Any CPU.ActiveCfg = Debug|Any CPU
		{27C81F6D-AE20-4491-B502-73039AEBF72D}.Debug|Any CPU.Build.0 = Debug|Any CPU
		{27C81F6D-AE20-4491-B502-73039AEBF72D}.Debug|x64.ActiveCfg = Debug|Any CPU
		{27C81F6D-AE20-4491-B502-73039AEBF72D}.Debug|x64.Build.0 = Debug|Any CPU
		{27C81F6D-AE20-4491-B502-73039AEBF72D}.Debug|x86.ActiveCfg = Debug|Any CPU
		{27C81F6D-AE20-4491-B502-73039AEBF72D}.Debug|x86.Build.0 = Debug|Any CPU
		{27C81F6D-AE20-4491-B502-73039AEBF72D}.Release|Any CPU.ActiveCfg = Release|Any CPU
		{27C81F6D-AE20-4491-B502-73039AEBF72D}.Release|Any CPU.Build.0 = Release|Any CPU
		{27C81F6D-AE20-4491-B502-73039AEBF72D}.Release|x64.ActiveCfg = Release|Any CPU
		{27C81F6D-AE20-4491-B502-73039AEBF72D}.Release|x64.Build.0 = Release|Any CPU
		{27C81F6D-AE20-4491-B502-73039AEBF72D}.Release|x86.ActiveCfg = Release|Any CPU
		{27C81F6D-AE20-4491-B502-73039AEBF72D}.Release|x86.Build.0 = Release|Any CPU
		{7EAA2AAE-EE1D-4894-8592-C70762594484}.Debug|Any CPU.ActiveCfg = Debug|Any CPU
		{7EAA2AAE-EE1D-4894-8592-C70762594484}.Debug|Any CPU.Build.0 = Debug|Any CPU
		{7EAA2AAE-EE1D-4894-8592-C70762594484}.Debug|x64.ActiveCfg = Debug|Any CPU
		{7EAA2AAE-EE1D-4894-8592-C70762594484}.Debug|x64.Build.0 = Debug|Any CPU
		{7EAA2AAE-EE1D-4894-8592-C70762594484}.Debug|x86.ActiveCfg = Debug|Any CPU
		{7EAA2AAE-EE1D-4894-8592-C70762594484}.Debug|x86.Build.0 = Debug|Any CPU
		{7EAA2AAE-EE1D-4894-8592-C70762594484}.Release|Any CPU.ActiveCfg = Release|Any CPU
		{7EAA2AAE-EE1D-4894-8592-C70762594484}.Release|Any CPU.Build.0 = Release|Any CPU
		{7EAA2AAE-EE1D-4894-8592-C70762594484}.Release|x64.ActiveCfg = Release|Any CPU
		{7EAA2AAE-EE1D-4894-8592-C70762594484}.Release|x64.Build.0 = Release|Any CPU
		{7EAA2AAE-EE1D-4894-8592-C70762594484}.Release|x86.ActiveCfg = Release|Any CPU
		{7EAA2AAE-EE1D-4894-8592-C70762594484}.Release|x86.Build.0 = Release|Any CPU
		{E4D61E0E-BDCE-494F-ABDE-42D660F59634}.Debug|Any CPU.ActiveCfg = Debug|Any CPU
		{E4D61E0E-BDCE-494F-ABDE-42D660F59634}.Debug|Any CPU.Build.0 = Debug|Any CPU
		{E4D61E0E-BDCE-494F-ABDE-42D660F59634}.Debug|x64.ActiveCfg = Debug|Any CPU
		{E4D61E0E-BDCE-494F-ABDE-42D660F59634}.Debug|x64.Build.0 = Debug|Any CPU
		{E4D61E0E-BDCE-494F-ABDE-42D660F59634}.Debug|x86.ActiveCfg = Debug|Any CPU
		{E4D61E0E-BDCE-494F-ABDE-42D660F59634}.Debug|x86.Build.0 = Debug|Any CPU
		{E4D61E0E-BDCE-494F-ABDE-42D660F59634}.Release|Any CPU.ActiveCfg = Release|Any CPU
		{E4D61E0E-BDCE-494F-ABDE-42D660F59634}.Release|Any CPU.Build.0 = Release|Any CPU
		{E4D61E0E-BDCE-494F-ABDE-42D660F59634}.Release|x64.ActiveCfg = Release|Any CPU
		{E4D61E0E-BDCE-494F-ABDE-42D660F59634}.Release|x64.Build.0 = Release|Any CPU
		{E4D61E0E-BDCE-494F-ABDE-42D660F59634}.Release|x86.ActiveCfg = Release|Any CPU
		{E4D61E0E-BDCE-494F-ABDE-42D660F59634}.Release|x86.Build.0 = Release|Any CPU
		{B6C7FDDC-8411-4323-9B8A-CF966466D300}.Debug|Any CPU.ActiveCfg = Debug|Any CPU
		{B6C7FDDC-8411-4323-9B8A-CF966466D300}.Debug|Any CPU.Build.0 = Debug|Any CPU
		{B6C7FDDC-8411-4323-9B8A-CF966466D300}.Debug|x64.ActiveCfg = Debug|Any CPU
		{B6C7FDDC-8411-4323-9B8A-CF966466D300}.Debug|x64.Build.0 = Debug|Any CPU
		{B6C7FDDC-8411-4323-9B8A-CF966466D300}.Debug|x86.ActiveCfg = Debug|Any CPU
		{B6C7FDDC-8411-4323-9B8A-CF966466D300}.Debug|x86.Build.0 = Debug|Any CPU
		{B6C7FDDC-8411-4323-9B8A-CF966466D300}.Release|Any CPU.ActiveCfg = Release|Any CPU
		{B6C7FDDC-8411-4323-9B8A-CF966466D300}.Release|Any CPU.Build.0 = Release|Any CPU
		{B6C7FDDC-8411-4323-9B8A-CF966466D300}.Release|x64.ActiveCfg = Release|Any CPU
		{B6C7FDDC-8411-4323-9B8A-CF966466D300}.Release|x64.Build.0 = Release|Any CPU
		{B6C7FDDC-8411-4323-9B8A-CF966466D300}.Release|x86.ActiveCfg = Release|Any CPU
		{B6C7FDDC-8411-4323-9B8A-CF966466D300}.Release|x86.Build.0 = Release|Any CPU
		{4D1A840E-C461-48F2-B413-A9FF8042C432}.Debug|Any CPU.ActiveCfg = Debug|Any CPU
		{4D1A840E-C461-48F2-B413-A9FF8042C432}.Debug|Any CPU.Build.0 = Debug|Any CPU
		{4D1A840E-C461-48F2-B413-A9FF8042C432}.Debug|x64.ActiveCfg = Debug|Any CPU
		{4D1A840E-C461-48F2-B413-A9FF8042C432}.Debug|x64.Build.0 = Debug|Any CPU
		{4D1A840E-C461-48F2-B413-A9FF8042C432}.Debug|x86.ActiveCfg = Debug|Any CPU
		{4D1A840E-C461-48F2-B413-A9FF8042C432}.Debug|x86.Build.0 = Debug|Any CPU
		{4D1A840E-C461-48F2-B413-A9FF8042C432}.Release|Any CPU.ActiveCfg = Release|Any CPU
		{4D1A840E-C461-48F2-B413-A9FF8042C432}.Release|Any CPU.Build.0 = Release|Any CPU
		{4D1A840E-C461-48F2-B413-A9FF8042C432}.Release|x64.ActiveCfg = Release|Any CPU
		{4D1A840E-C461-48F2-B413-A9FF8042C432}.Release|x64.Build.0 = Release|Any CPU
		{4D1A840E-C461-48F2-B413-A9FF8042C432}.Release|x86.ActiveCfg = Release|Any CPU
		{4D1A840E-C461-48F2-B413-A9FF8042C432}.Release|x86.Build.0 = Release|Any CPU
		{7389E54C-56C6-46C8-98CC-D773F0D78552}.Debug|Any CPU.ActiveCfg = Debug|Any CPU
		{7389E54C-56C6-46C8-98CC-D773F0D78552}.Debug|Any CPU.Build.0 = Debug|Any CPU
		{7389E54C-56C6-46C8-98CC-D773F0D78552}.Debug|x64.ActiveCfg = Debug|Any CPU
		{7389E54C-56C6-46C8-98CC-D773F0D78552}.Debug|x64.Build.0 = Debug|Any CPU
		{7389E54C-56C6-46C8-98CC-D773F0D78552}.Debug|x86.ActiveCfg = Debug|Any CPU
		{7389E54C-56C6-46C8-98CC-D773F0D78552}.Debug|x86.Build.0 = Debug|Any CPU
		{7389E54C-56C6-46C8-98CC-D773F0D78552}.Release|Any CPU.ActiveCfg = Release|Any CPU
		{7389E54C-56C6-46C8-98CC-D773F0D78552}.Release|Any CPU.Build.0 = Release|Any CPU
		{7389E54C-56C6-46C8-98CC-D773F0D78552}.Release|x64.ActiveCfg = Release|Any CPU
		{7389E54C-56C6-46C8-98CC-D773F0D78552}.Release|x64.Build.0 = Release|Any CPU
		{7389E54C-56C6-46C8-98CC-D773F0D78552}.Release|x86.ActiveCfg = Release|Any CPU
		{7389E54C-56C6-46C8-98CC-D773F0D78552}.Release|x86.Build.0 = Release|Any CPU
		{627DBD68-D5AE-469A-9E1E-A2CC65E1EAA8}.Debug|Any CPU.ActiveCfg = Debug|Any CPU
		{627DBD68-D5AE-469A-9E1E-A2CC65E1EAA8}.Debug|Any CPU.Build.0 = Debug|Any CPU
		{627DBD68-D5AE-469A-9E1E-A2CC65E1EAA8}.Debug|x64.ActiveCfg = Debug|Any CPU
		{627DBD68-D5AE-469A-9E1E-A2CC65E1EAA8}.Debug|x64.Build.0 = Debug|Any CPU
		{627DBD68-D5AE-469A-9E1E-A2CC65E1EAA8}.Debug|x86.ActiveCfg = Debug|Any CPU
		{627DBD68-D5AE-469A-9E1E-A2CC65E1EAA8}.Debug|x86.Build.0 = Debug|Any CPU
		{627DBD68-D5AE-469A-9E1E-A2CC65E1EAA8}.Release|Any CPU.ActiveCfg = Release|Any CPU
		{627DBD68-D5AE-469A-9E1E-A2CC65E1EAA8}.Release|Any CPU.Build.0 = Release|Any CPU
		{627DBD68-D5AE-469A-9E1E-A2CC65E1EAA8}.Release|x64.ActiveCfg = Release|Any CPU
		{627DBD68-D5AE-469A-9E1E-A2CC65E1EAA8}.Release|x64.Build.0 = Release|Any CPU
		{627DBD68-D5AE-469A-9E1E-A2CC65E1EAA8}.Release|x86.ActiveCfg = Release|Any CPU
		{627DBD68-D5AE-469A-9E1E-A2CC65E1EAA8}.Release|x86.Build.0 = Release|Any CPU
	EndGlobalSection
	GlobalSection(SolutionProperties) = preSolution
		HideSolutionNode = FALSE
	EndGlobalSection
	GlobalSection(NestedProjects) = preSolution
		{FA8225FD-3554-4068-AB11-4EDBCC481CA9} = {827E0CD3-B72D-47B6-A68D-7590B98EB39B}
		{56645B69-9D49-47A7-8D4C-CB6383F39627} = {827E0CD3-B72D-47B6-A68D-7590B98EB39B}
		{C906FADB-BF5E-4C05-B5C8-4D557F00A526} = {827E0CD3-B72D-47B6-A68D-7590B98EB39B}
		{F4304E9E-9CF4-453E-8C76-8DA3C6592FEC} = {827E0CD3-B72D-47B6-A68D-7590B98EB39B}
		{A8AF94C8-2E6E-4F83-B5B5-7EFB060B1E9D} = {827E0CD3-B72D-47B6-A68D-7590B98EB39B}
		{27C81F6D-AE20-4491-B502-73039AEBF72D} = {827E0CD3-B72D-47B6-A68D-7590B98EB39B}
		{7EAA2AAE-EE1D-4894-8592-C70762594484} = {0AB3BF05-4346-4AA6-1389-037BE0695223}
		{E4D61E0E-BDCE-494F-ABDE-42D660F59634} = {0AB3BF05-4346-4AA6-1389-037BE0695223}
		{B6C7FDDC-8411-4323-9B8A-CF966466D300} = {0AB3BF05-4346-4AA6-1389-037BE0695223}
		{4D1A840E-C461-48F2-B413-A9FF8042C432} = {0AB3BF05-4346-4AA6-1389-037BE0695223}
		{7389E54C-56C6-46C8-98CC-D773F0D78552} = {0AB3BF05-4346-4AA6-1389-037BE0695223}
		{627DBD68-D5AE-469A-9E1E-A2CC65E1EAA8} = {0AB3BF05-4346-4AA6-1389-037BE0695223}
	EndGlobalSection
EndGlobal
